
Microsoft Visual Studio Solution File, Format Version 12.00
# Visual Studio Version 17
VisualStudioVersion = 17.12.35209.166
MinimumVisualStudioVersion = 10.0.40219.1
Project("{FAE04EC0-301F-11D3-BF4B-00C04F79EFBC}") = "RagChatApi", "RagChatApi\RagChatApi.csproj", "{82BDE48A-7396-4DAA-BC64-7320DA219183}"
EndProject
Global
	GlobalSection(SolutionConfigurationPlatforms) = preSolution
		Debug|Any CPU = Debug|Any CPU
		Release|Any CPU = Release|Any CPU
	EndGlobalSection
	GlobalSection(ProjectConfigurationPlatforms) = postSolution
		{82BDE48A-7396-4DAA-BC64-7320DA219183}.Debug|Any CPU.ActiveCfg = Debug|Any CPU
		{82BDE48A-7396-4DAA-BC64-7320DA219183}.Debug|Any CPU.Build.0 = Debug|Any CPU
		{82BDE48A-7396-4DAA-BC64-7320DA219183}.Release|Any CPU.ActiveCfg = Release|Any CPU
		{82BDE48A-7396-4DAA-BC64-7320DA219183}.Release|Any CPU.Build.0 = Release|Any CPU
	EndGlobalSection
	GlobalSection(SolutionProperties) = preSolution
		HideSolutionNode = FALSE
	EndGlobalSection
	GlobalSection(ExtensibilityGlobals) = postSolution
		SolutionGuid = {5EF239CF-0CD7-4D4C-BE95-F5E0EA1D580A}
	EndGlobalSection
EndGlobal
